
Microsoft Visual Studio Solution File, Format Version 12.00
# Visual Studio 15
VisualStudioVersion = 15.0.26430.16
MinimumVisualStudioVersion = 10.0.40219.1
Project("{FAE04EC0-301F-11D3-BF4B-00C04F79EFBC}") = "MoneyChest.Data", "MoneyChest.Data\MoneyChest.Data.csproj", "{367772A1-B49C-49DA-B5CB-AAE5BF696947}"
EndProject
Project("{FAE04EC0-301F-11D3-BF4B-00C04F79EFBC}") = "MoneyChest", "MoneyChest\MoneyChest.csproj", "{3DCAABE4-8EDE-47CB-8AC1-F020570796CC}"
EndProject
Project("{FAE04EC0-301F-11D3-BF4B-00C04F79EFBC}") = "MoneyChest.Services", "MoneyChest.Services\MoneyChest.Services.csproj", "{AB2608AB-D835-49B0-841F-3F7E61869394}"
EndProject
Project("{FAE04EC0-301F-11D3-BF4B-00C04F79EFBC}") = "MoneyChest.Data.Mock", "MoneyChest.Data.Mock\MoneyChest.Data.Mock.csproj", "{22F4DD23-4DE7-489A-A0AF-2A8066CC7E63}"
EndProject
Project("{FAE04EC0-301F-11D3-BF4B-00C04F79EFBC}") = "MoneyChest.Utils", "MoneyChest.Utils\MoneyChest.Utils.csproj", "{DC7D4636-AEAA-4101-92D7-98F43E7D0B97}"
EndProject
Project("{FAE04EC0-301F-11D3-BF4B-00C04F79EFBC}") = "MoneyChest.Calculation", "MoneyChest.Calculation\MoneyChest.Calculation.csproj", "{DB809B22-130F-4FB6-A8AD-2B50B56C6098}"
EndProject
Project("{FAE04EC0-301F-11D3-BF4B-00C04F79EFBC}") = "MoneyChest.Model", "MoneyChest.Model\MoneyChest.Model.csproj", "{AA3CD891-1018-489D-A0C5-16C295C2E636}"
EndProject
Project("{FAE04EC0-301F-11D3-BF4B-00C04F79EFBC}") = "MoneyChest.View", "MoneyChest.View\MoneyChest.View.csproj", "{EFC6D301-9EE1-4056-8034-AC2035BF1246}"
EndProject
Project("{FAE04EC0-301F-11D3-BF4B-00C04F79EFBC}") = "MoneyChest.Shared", "MoneyChest.Shared\MoneyChest.Shared.csproj", "{1D514398-D24C-4E14-A326-A1C48D788782}"
EndProject
Project("{FAE04EC0-301F-11D3-BF4B-00C04F79EFBC}") = "MoneyChest.ViewModel", "MoneyChest.ViewModel\MoneyChest.ViewModel.csproj", "{F4E3C2AC-30D1-4024-8A6C-7F7F76B78B89}"
EndProject
Global
	GlobalSection(SolutionConfigurationPlatforms) = preSolution
		Debug|Any CPU = Debug|Any CPU
		Release|Any CPU = Release|Any CPU
	EndGlobalSection
	GlobalSection(ProjectConfigurationPlatforms) = postSolution
		{367772A1-B49C-49DA-B5CB-AAE5BF696947}.Debug|Any CPU.ActiveCfg = Debug|Any CPU
		{367772A1-B49C-49DA-B5CB-AAE5BF696947}.Debug|Any CPU.Build.0 = Debug|Any CPU
		{367772A1-B49C-49DA-B5CB-AAE5BF696947}.Release|Any CPU.ActiveCfg = Release|Any CPU
		{367772A1-B49C-49DA-B5CB-AAE5BF696947}.Release|Any CPU.Build.0 = Release|Any CPU
		{3DCAABE4-8EDE-47CB-8AC1-F020570796CC}.Debug|Any CPU.ActiveCfg = Debug|Any CPU
		{3DCAABE4-8EDE-47CB-8AC1-F020570796CC}.Debug|Any CPU.Build.0 = Debug|Any CPU
		{3DCAABE4-8EDE-47CB-8AC1-F020570796CC}.Release|Any CPU.ActiveCfg = Release|Any CPU
		{3DCAABE4-8EDE-47CB-8AC1-F020570796CC}.Release|Any CPU.Build.0 = Release|Any CPU
		{AB2608AB-D835-49B0-841F-3F7E61869394}.Debug|Any CPU.ActiveCfg = Debug|Any CPU
		{AB2608AB-D835-49B0-841F-3F7E61869394}.Debug|Any CPU.Build.0 = Debug|Any CPU
		{AB2608AB-D835-49B0-841F-3F7E61869394}.Release|Any CPU.ActiveCfg = Release|Any CPU
		{AB2608AB-D835-49B0-841F-3F7E61869394}.Release|Any CPU.Build.0 = Release|Any CPU
		{22F4DD23-4DE7-489A-A0AF-2A8066CC7E63}.Debug|Any CPU.ActiveCfg = Debug|Any CPU
		{22F4DD23-4DE7-489A-A0AF-2A8066CC7E63}.Debug|Any CPU.Build.0 = Debug|Any CPU
		{22F4DD23-4DE7-489A-A0AF-2A8066CC7E63}.Release|Any CPU.ActiveCfg = Release|Any CPU
		{22F4DD23-4DE7-489A-A0AF-2A8066CC7E63}.Release|Any CPU.Build.0 = Release|Any CPU
		{DC7D4636-AEAA-4101-92D7-98F43E7D0B97}.Debug|Any CPU.ActiveCfg = Debug|Any CPU
		{DC7D4636-AEAA-4101-92D7-98F43E7D0B97}.Debug|Any CPU.Build.0 = Debug|Any CPU
		{DC7D4636-AEAA-4101-92D7-98F43E7D0B97}.Release|Any CPU.ActiveCfg = Release|Any CPU
		{DC7D4636-AEAA-4101-92D7-98F43E7D0B97}.Release|Any CPU.Build.0 = Release|Any CPU
		{DB809B22-130F-4FB6-A8AD-2B50B56C6098}.Debug|Any CPU.ActiveCfg = Debug|Any CPU
		{DB809B22-130F-4FB6-A8AD-2B50B56C6098}.Debug|Any CPU.Build.0 = Debug|Any CPU
		{DB809B22-130F-4FB6-A8AD-2B50B56C6098}.Release|Any CPU.ActiveCfg = Release|Any CPU
		{DB809B22-130F-4FB6-A8AD-2B50B56C6098}.Release|Any CPU.Build.0 = Release|Any CPU
		{AA3CD891-1018-489D-A0C5-16C295C2E636}.Debug|Any CPU.ActiveCfg = Debug|Any CPU
		{AA3CD891-1018-489D-A0C5-16C295C2E636}.Debug|Any CPU.Build.0 = Debug|Any CPU
		{AA3CD891-1018-489D-A0C5-16C295C2E636}.Release|Any CPU.ActiveCfg = Release|Any CPU
		{AA3CD891-1018-489D-A0C5-16C295C2E636}.Release|Any CPU.Build.0 = Release|Any CPU
		{EFC6D301-9EE1-4056-8034-AC2035BF1246}.Debug|Any CPU.ActiveCfg = Debug|Any CPU
		{EFC6D301-9EE1-4056-8034-AC2035BF1246}.Debug|Any CPU.Build.0 = Debug|Any CPU
		{EFC6D301-9EE1-4056-8034-AC2035BF1246}.Release|Any CPU.ActiveCfg = Release|Any CPU
		{EFC6D301-9EE1-4056-8034-AC2035BF1246}.Release|Any CPU.Build.0 = Release|Any CPU
		{1D514398-D24C-4E14-A326-A1C48D788782}.Debug|Any CPU.ActiveCfg = Debug|Any CPU
		{1D514398-D24C-4E14-A326-A1C48D788782}.Debug|Any CPU.Build.0 = Debug|Any CPU
		{1D514398-D24C-4E14-A326-A1C48D788782}.Release|Any CPU.ActiveCfg = Release|Any CPU
		{1D514398-D24C-4E14-A326-A1C48D788782}.Release|Any CPU.Build.0 = Release|Any CPU
		{F4E3C2AC-30D1-4024-8A6C-7F7F76B78B89}.Debug|Any CPU.ActiveCfg = Debug|Any CPU
		{F4E3C2AC-30D1-4024-8A6C-7F7F76B78B89}.Debug|Any CPU.Build.0 = Debug|Any CPU
		{F4E3C2AC-30D1-4024-8A6C-7F7F76B78B89}.Release|Any CPU.ActiveCfg = Release|Any CPU
		{F4E3C2AC-30D1-4024-8A6C-7F7F76B78B89}.Release|Any CPU.Build.0 = Release|Any CPU
	EndGlobalSection
	GlobalSection(SolutionProperties) = preSolution
		HideSolutionNode = FALSE
	EndGlobalSection
	GlobalSection(ExtensibilityGlobals) = postSolution
		SolutionGuid = {9CD9521A-EC86-4D2D-977D-6E994CD103CC}
	EndGlobalSection
EndGlobal
