
Microsoft Visual Studio Solution File, Format Version 12.00
# Visual Studio 14
VisualStudioVersion = 14.0.25420.1
MinimumVisualStudioVersion = 10.0.40219.1
Project("{FAE04EC0-301F-11D3-BF4B-00C04F79EFBC}") = "MoneyChest.Data", "MoneyChest.Data\MoneyChest.Data.csproj", "{367772A1-B49C-49DA-B5CB-AAE5BF696947}"
EndProject
Project("{FAE04EC0-301F-11D3-BF4B-00C04F79EFBC}") = "MoneyChest", "MoneyChest\MoneyChest.csproj", "{3DCAABE4-8EDE-47CB-8AC1-F020570796CC}"
EndProject
Project("{FAE04EC0-301F-11D3-BF4B-00C04F79EFBC}") = "MoneyChest.Services", "MoneyChest.Services\MoneyChest.Services.csproj", "{AB2608AB-D835-49B0-841F-3F7E61869394}"
EndProject
Project("{FAE04EC0-301F-11D3-BF4B-00C04F79EFBC}") = "MoneyChest.Data.Mock", "MoneyChest.Data.Mock\MoneyChest.Data.Mock.csproj", "{22F4DD23-4DE7-489A-A0AF-2A8066CC7E63}"
EndProject
Project("{FAE04EC0-301F-11D3-BF4B-00C04F79EFBC}") = "MoneyChest.Tests", "MoneyChest.Tests\MoneyChest.Tests.csproj", "{B2A8F169-CF4E-4FDF-B155-652636CC2CC5}"
EndProject
Project("{FAE04EC0-301F-11D3-BF4B-00C04F79EFBC}") = "MoneyChest.Utils", "MoneyChest.Utils\MoneyChest.Utils.csproj", "{DC7D4636-AEAA-4101-92D7-98F43E7D0B97}"
EndProject
Project("{FAE04EC0-301F-11D3-BF4B-00C04F79EFBC}") = "MoneyChest.Calculation", "MoneyChest.Calculation\MoneyChest.Calculation.csproj", "{DB809B22-130F-4FB6-A8AD-2B50B56C6098}"
EndProject
Global
	GlobalSection(SolutionConfigurationPlatforms) = preSolution
		Debug|Any CPU = Debug|Any CPU
		Release|Any CPU = Release|Any CPU
	EndGlobalSection
	GlobalSection(ProjectConfigurationPlatforms) = postSolution
		{367772A1-B49C-49DA-B5CB-AAE5BF696947}.Debug|Any CPU.ActiveCfg = Debug|Any CPU
		{367772A1-B49C-49DA-B5CB-AAE5BF696947}.Debug|Any CPU.Build.0 = Debug|Any CPU
		{367772A1-B49C-49DA-B5CB-AAE5BF696947}.Release|Any CPU.ActiveCfg = Release|Any CPU
		{367772A1-B49C-49DA-B5CB-AAE5BF696947}.Release|Any CPU.Build.0 = Release|Any CPU
		{3DCAABE4-8EDE-47CB-8AC1-F020570796CC}.Debug|Any CPU.ActiveCfg = Debug|Any CPU
		{3DCAABE4-8EDE-47CB-8AC1-F020570796CC}.Debug|Any CPU.Build.0 = Debug|Any CPU
		{3DCAABE4-8EDE-47CB-8AC1-F020570796CC}.Release|Any CPU.ActiveCfg = Release|Any CPU
		{3DCAABE4-8EDE-47CB-8AC1-F020570796CC}.Release|Any CPU.Build.0 = Release|Any CPU
		{AB2608AB-D835-49B0-841F-3F7E61869394}.Debug|Any CPU.ActiveCfg = Debug|Any CPU
		{AB2608AB-D835-49B0-841F-3F7E61869394}.Debug|Any CPU.Build.0 = Debug|Any CPU
		{AB2608AB-D835-49B0-841F-3F7E61869394}.Release|Any CPU.ActiveCfg = Release|Any CPU
		{AB2608AB-D835-49B0-841F-3F7E61869394}.Release|Any CPU.Build.0 = Release|Any CPU
		{22F4DD23-4DE7-489A-A0AF-2A8066CC7E63}.Debug|Any CPU.ActiveCfg = Debug|Any CPU
		{22F4DD23-4DE7-489A-A0AF-2A8066CC7E63}.Debug|Any CPU.Build.0 = Debug|Any CPU
		{22F4DD23-4DE7-489A-A0AF-2A8066CC7E63}.Release|Any CPU.ActiveCfg = Release|Any CPU
		{22F4DD23-4DE7-489A-A0AF-2A8066CC7E63}.Release|Any CPU.Build.0 = Release|Any CPU
		{B2A8F169-CF4E-4FDF-B155-652636CC2CC5}.Debug|Any CPU.ActiveCfg = Debug|Any CPU
		{B2A8F169-CF4E-4FDF-B155-652636CC2CC5}.Debug|Any CPU.Build.0 = Debug|Any CPU
		{B2A8F169-CF4E-4FDF-B155-652636CC2CC5}.Release|Any CPU.ActiveCfg = Release|Any CPU
		{B2A8F169-CF4E-4FDF-B155-652636CC2CC5}.Release|Any CPU.Build.0 = Release|Any CPU
		{DC7D4636-AEAA-4101-92D7-98F43E7D0B97}.Debug|Any CPU.ActiveCfg = Debug|Any CPU
		{DC7D4636-AEAA-4101-92D7-98F43E7D0B97}.Debug|Any CPU.Build.0 = Debug|Any CPU
		{DC7D4636-AEAA-4101-92D7-98F43E7D0B97}.Release|Any CPU.ActiveCfg = Release|Any CPU
		{DC7D4636-AEAA-4101-92D7-98F43E7D0B97}.Release|Any CPU.Build.0 = Release|Any CPU
		{DB809B22-130F-4FB6-A8AD-2B50B56C6098}.Debug|Any CPU.ActiveCfg = Debug|Any CPU
		{DB809B22-130F-4FB6-A8AD-2B50B56C6098}.Debug|Any CPU.Build.0 = Debug|Any CPU
		{DB809B22-130F-4FB6-A8AD-2B50B56C6098}.Release|Any CPU.ActiveCfg = Release|Any CPU
		{DB809B22-130F-4FB6-A8AD-2B50B56C6098}.Release|Any CPU.Build.0 = Release|Any CPU
	EndGlobalSection
	GlobalSection(SolutionProperties) = preSolution
		HideSolutionNode = FALSE
	EndGlobalSection
EndGlobal
